
Microsoft Visual Studio Solution File, Format Version 12.00
# Visual Studio Version 17
VisualStudioVersion = 17.0.31903.59
MinimumVisualStudioVersion = 10.0.40219.1
Project("{2150E333-8FDC-42A3-9474-1A3956D46DE8}") = "src", "src", "{827E0CD3-B72D-47B6-A68D-7590B98EB39B}"
EndProject
Project("{2150E333-8FDC-42A3-9474-1A3956D46DE8}") = "api", "api", "{81034408-37C8-1011-444E-4C15C2FADA8E}"
EndProject
Project("{FAE04EC0-301F-11D3-BF4B-00C04F79EFBC}") = "SixBee.Api", "src\api\SixBee.Api.csproj", "{8F0A03A9-5C4E-410A-B7DD-937A03F53992}"
EndProject
Project("{FAE04EC0-301F-11D3-BF4B-00C04F79EFBC}") = "SixBee.Core", "src\SixBee.Core\SixBee.Core.csproj", "{C1F7E491-38D9-401E-9F39-CCA185AB635F}"
EndProject
Project("{FAE04EC0-301F-11D3-BF4B-00C04F79EFBC}") = "SixBee.Appointments", "src\SixBee.Appointments\SixBee.Appointments.csproj", "{BAEB6442-1BFA-463C-A9FB-52E3996D64D2}"
EndProject
Project("{FAE04EC0-301F-11D3-BF4B-00C04F79EFBC}") = "SixBee.Appointments.Data", "src\SixBee.Appointments.Data\SixBee.Appointments.Data.csproj", "{E54626BE-3F51-4327-A120-7896815295FE}"
EndProject
Project("{FAE04EC0-301F-11D3-BF4B-00C04F79EFBC}") = "SixBee.Auth", "src\SixBee.Auth\SixBee.Auth.csproj", "{30BFE3F2-329F-4C7D-BDD6-77AE0C716DFA}"
EndProject
Project("{FAE04EC0-301F-11D3-BF4B-00C04F79EFBC}") = "SixBee.Auth.Data", "src\SixBee.Auth.Data\SixBee.Auth.Data.csproj", "{3F955DE9-D7BA-4408-836F-D489C183F82D}"
EndProject
Project("{FAE04EC0-301F-11D3-BF4B-00C04F79EFBC}") = "SixBee.Migrations", "src\SixBee.Migrations\SixBee.Migrations.csproj", "{1FDDE1C9-6EFD-40B9-89AA-B25A47C02F8C}"
EndProject
Project("{2150E333-8FDC-42A3-9474-1A3956D46DE8}") = "tests", "tests", "{0AB3BF05-4346-4AA6-1389-037BE0695223}"
EndProject
Project("{FAE04EC0-301F-11D3-BF4B-00C04F79EFBC}") = "SixBee.Appointments.Data.Tests", "tests\SixBee.Appointments.Data.Tests\SixBee.Appointments.Data.Tests.csproj", "{B8C88BDE-B2AA-421E-9F73-21B5A01CC68D}"
EndProject
Project("{FAE04EC0-301F-11D3-BF4B-00C04F79EFBC}") = "SixBee.Auth.Data.Tests", "tests\SixBee.Auth.Data.Tests\SixBee.Auth.Data.Tests.csproj", "{F6E2B5B9-CAE5-4BA1-95F2-B9170E35919F}"
EndProject
Project("{FAE04EC0-301F-11D3-BF4B-00C04F79EFBC}") = "SixBee.Auth.Tests", "tests\SixBee.Auth.Tests\SixBee.Auth.Tests.csproj", "{EAC0472C-6977-4290-B68A-DCBCF8381E90}"
EndProject
Project("{FAE04EC0-301F-11D3-BF4B-00C04F79EFBC}") = "SixBee.Appointments.Tests", "tests\SixBee.Appointments.Tests\SixBee.Appointments.Tests.csproj", "{F63CA8EE-2AE7-4530-A099-4B4155A8CCF8}"
EndProject
Project("{FAE04EC0-301F-11D3-BF4B-00C04F79EFBC}") = "SixBee.Api.Tests", "tests\SixBee.Api.Tests\SixBee.Api.Tests.csproj", "{0DB822DD-EF66-4600-A930-0C443A37A4D9}"
EndProject
Global
	GlobalSection(SolutionConfigurationPlatforms) = preSolution
		Debug|Any CPU = Debug|Any CPU
		Debug|x64 = Debug|x64
		Debug|x86 = Debug|x86
		Release|Any CPU = Release|Any CPU
		Release|x64 = Release|x64
		Release|x86 = Release|x86
	EndGlobalSection
	GlobalSection(ProjectConfigurationPlatforms) = postSolution
		{8F0A03A9-5C4E-410A-B7DD-937A03F53992}.Debug|Any CPU.ActiveCfg = Debug|Any CPU
		{8F0A03A9-5C4E-410A-B7DD-937A03F53992}.Debug|Any CPU.Build.0 = Debug|Any CPU
		{8F0A03A9-5C4E-410A-B7DD-937A03F53992}.Debug|x64.ActiveCfg = Debug|Any CPU
		{8F0A03A9-5C4E-410A-B7DD-937A03F53992}.Debug|x64.Build.0 = Debug|Any CPU
		{8F0A03A9-5C4E-410A-B7DD-937A03F53992}.Debug|x86.ActiveCfg = Debug|Any CPU
		{8F0A03A9-5C4E-410A-B7DD-937A03F53992}.Debug|x86.Build.0 = Debug|Any CPU
		{8F0A03A9-5C4E-410A-B7DD-937A03F53992}.Release|Any CPU.ActiveCfg = Release|Any CPU
		{8F0A03A9-5C4E-410A-B7DD-937A03F53992}.Release|Any CPU.Build.0 = Release|Any CPU
		{8F0A03A9-5C4E-410A-B7DD-937A03F53992}.Release|x64.ActiveCfg = Release|Any CPU
		{8F0A03A9-5C4E-410A-B7DD-937A03F53992}.Release|x64.Build.0 = Release|Any CPU
		{8F0A03A9-5C4E-410A-B7DD-937A03F53992}.Release|x86.ActiveCfg = Release|Any CPU
		{8F0A03A9-5C4E-410A-B7DD-937A03F53992}.Release|x86.Build.0 = Release|Any CPU
		{C1F7E491-38D9-401E-9F39-CCA185AB635F}.Debug|Any CPU.ActiveCfg = Debug|Any CPU
		{C1F7E491-38D9-401E-9F39-CCA185AB635F}.Debug|Any CPU.Build.0 = Debug|Any CPU
		{C1F7E491-38D9-401E-9F39-CCA185AB635F}.Debug|x64.ActiveCfg = Debug|Any CPU
		{C1F7E491-38D9-401E-9F39-CCA185AB635F}.Debug|x64.Build.0 = Debug|Any CPU
		{C1F7E491-38D9-401E-9F39-CCA185AB635F}.Debug|x86.ActiveCfg = Debug|Any CPU
		{C1F7E491-38D9-401E-9F39-CCA185AB635F}.Debug|x86.Build.0 = Debug|Any CPU
		{C1F7E491-38D9-401E-9F39-CCA185AB635F}.Release|Any CPU.ActiveCfg = Release|Any CPU
		{C1F7E491-38D9-401E-9F39-CCA185AB635F}.Release|Any CPU.Build.0 = Release|Any CPU
		{C1F7E491-38D9-401E-9F39-CCA185AB635F}.Release|x64.ActiveCfg = Release|Any CPU
		{C1F7E491-38D9-401E-9F39-CCA185AB635F}.Release|x64.Build.0 = Release|Any CPU
		{C1F7E491-38D9-401E-9F39-CCA185AB635F}.Release|x86.ActiveCfg = Release|Any CPU
		{C1F7E491-38D9-401E-9F39-CCA185AB635F}.Release|x86.Build.0 = Release|Any CPU
		{BAEB6442-1BFA-463C-A9FB-52E3996D64D2}.Debug|Any CPU.ActiveCfg = Debug|Any CPU
		{BAEB6442-1BFA-463C-A9FB-52E3996D64D2}.Debug|Any CPU.Build.0 = Debug|Any CPU
		{BAEB6442-1BFA-463C-A9FB-52E3996D64D2}.Debug|x64.ActiveCfg = Debug|Any CPU
		{BAEB6442-1BFA-463C-A9FB-52E3996D64D2}.Debug|x64.Build.0 = Debug|Any CPU
		{BAEB6442-1BFA-463C-A9FB-52E3996D64D2}.Debug|x86.ActiveCfg = Debug|Any CPU
		{BAEB6442-1BFA-463C-A9FB-52E3996D64D2}.Debug|x86.Build.0 = Debug|Any CPU
		{BAEB6442-1BFA-463C-A9FB-52E3996D64D2}.Release|Any CPU.ActiveCfg = Release|Any CPU
		{BAEB6442-1BFA-463C-A9FB-52E3996D64D2}.Release|Any CPU.Build.0 = Release|Any CPU
		{BAEB6442-1BFA-463C-A9FB-52E3996D64D2}.Release|x64.ActiveCfg = Release|Any CPU
		{BAEB6442-1BFA-463C-A9FB-52E3996D64D2}.Release|x64.Build.0 = Release|Any CPU
		{BAEB6442-1BFA-463C-A9FB-52E3996D64D2}.Release|x86.ActiveCfg = Release|Any CPU
		{BAEB6442-1BFA-463C-A9FB-52E3996D64D2}.Release|x86.Build.0 = Release|Any CPU
		{E54626BE-3F51-4327-A120-7896815295FE}.Debug|Any CPU.ActiveCfg = Debug|Any CPU
		{E54626BE-3F51-4327-A120-7896815295FE}.Debug|Any CPU.Build.0 = Debug|Any CPU
		{E54626BE-3F51-4327-A120-7896815295FE}.Debug|x64.ActiveCfg = Debug|Any CPU
		{E54626BE-3F51-4327-A120-7896815295FE}.Debug|x64.Build.0 = Debug|Any CPU
		{E54626BE-3F51-4327-A120-7896815295FE}.Debug|x86.ActiveCfg = Debug|Any CPU
		{E54626BE-3F51-4327-A120-7896815295FE}.Debug|x86.Build.0 = Debug|Any CPU
		{E54626BE-3F51-4327-A120-7896815295FE}.Release|Any CPU.ActiveCfg = Release|Any CPU
		{E54626BE-3F51-4327-A120-7896815295FE}.Release|Any CPU.Build.0 = Release|Any CPU
		{E54626BE-3F51-4327-A120-7896815295FE}.Release|x64.ActiveCfg = Release|Any CPU
		{E54626BE-3F51-4327-A120-7896815295FE}.Release|x64.Build.0 = Release|Any CPU
		{E54626BE-3F51-4327-A120-7896815295FE}.Release|x86.ActiveCfg = Release|Any CPU
		{E54626BE-3F51-4327-A120-7896815295FE}.Release|x86.Build.0 = Release|Any CPU
		{30BFE3F2-329F-4C7D-BDD6-77AE0C716DFA}.Debug|Any CPU.ActiveCfg = Debug|Any CPU
		{30BFE3F2-329F-4C7D-BDD6-77AE0C716DFA}.Debug|Any CPU.Build.0 = Debug|Any CPU
		{30BFE3F2-329F-4C7D-BDD6-77AE0C716DFA}.Debug|x64.ActiveCfg = Debug|Any CPU
		{30BFE3F2-329F-4C7D-BDD6-77AE0C716DFA}.Debug|x64.Build.0 = Debug|Any CPU
		{30BFE3F2-329F-4C7D-BDD6-77AE0C716DFA}.Debug|x86.ActiveCfg = Debug|Any CPU
		{30BFE3F2-329F-4C7D-BDD6-77AE0C716DFA}.Debug|x86.Build.0 = Debug|Any CPU
		{30BFE3F2-329F-4C7D-BDD6-77AE0C716DFA}.Release|Any CPU.ActiveCfg = Release|Any CPU
		{30BFE3F2-329F-4C7D-BDD6-77AE0C716DFA}.Release|Any CPU.Build.0 = Release|Any CPU
		{30BFE3F2-329F-4C7D-BDD6-77AE0C716DFA}.Release|x64.ActiveCfg = Release|Any CPU
		{30BFE3F2-329F-4C7D-BDD6-77AE0C716DFA}.Release|x64.Build.0 = Release|Any CPU
		{30BFE3F2-329F-4C7D-BDD6-77AE0C716DFA}.Release|x86.ActiveCfg = Release|Any CPU
		{30BFE3F2-329F-4C7D-BDD6-77AE0C716DFA}.Release|x86.Build.0 = Release|Any CPU
		{3F955DE9-D7BA-4408-836F-D489C183F82D}.Debug|Any CPU.ActiveCfg = Debug|Any CPU
		{3F955DE9-D7BA-4408-836F-D489C183F82D}.Debug|Any CPU.Build.0 = Debug|Any CPU
		{3F955DE9-D7BA-4408-836F-D489C183F82D}.Debug|x64.ActiveCfg = Debug|Any CPU
		{3F955DE9-D7BA-4408-836F-D489C183F82D}.Debug|x64.Build.0 = Debug|Any CPU
		{3F955DE9-D7BA-4408-836F-D489C183F82D}.Debug|x86.ActiveCfg = Debug|Any CPU
		{3F955DE9-D7BA-4408-836F-D489C183F82D}.Debug|x86.Build.0 = Debug|Any CPU
		{3F955DE9-D7BA-4408-836F-D489C183F82D}.Release|Any CPU.ActiveCfg = Release|Any CPU
		{3F955DE9-D7BA-4408-836F-D489C183F82D}.Release|Any CPU.Build.0 = Release|Any CPU
		{3F955DE9-D7BA-4408-836F-D489C183F82D}.Release|x64.ActiveCfg = Release|Any CPU
		{3F955DE9-D7BA-4408-836F-D489C183F82D}.Release|x64.Build.0 = Release|Any CPU
		{3F955DE9-D7BA-4408-836F-D489C183F82D}.Release|x86.ActiveCfg = Release|Any CPU
		{3F955DE9-D7BA-4408-836F-D489C183F82D}.Release|x86.Build.0 = Release|Any CPU
		{1FDDE1C9-6EFD-40B9-89AA-B25A47C02F8C}.Debug|Any CPU.ActiveCfg = Debug|Any CPU
		{1FDDE1C9-6EFD-40B9-89AA-B25A47C02F8C}.Debug|Any CPU.Build.0 = Debug|Any CPU
		{1FDDE1C9-6EFD-40B9-89AA-B25A47C02F8C}.Debug|x64.ActiveCfg = Debug|Any CPU
		{1FDDE1C9-6EFD-40B9-89AA-B25A47C02F8C}.Debug|x64.Build.0 = Debug|Any CPU
		{1FDDE1C9-6EFD-40B9-89AA-B25A47C02F8C}.Debug|x86.ActiveCfg = Debug|Any CPU
		{1FDDE1C9-6EFD-40B9-89AA-B25A47C02F8C}.Debug|x86.Build.0 = Debug|Any CPU
		{1FDDE1C9-6EFD-40B9-89AA-B25A47C02F8C}.Release|Any CPU.ActiveCfg = Release|Any CPU
		{1FDDE1C9-6EFD-40B9-89AA-B25A47C02F8C}.Release|Any CPU.Build.0 = Release|Any CPU
		{1FDDE1C9-6EFD-40B9-89AA-B25A47C02F8C}.Release|x64.ActiveCfg = Release|Any CPU
		{1FDDE1C9-6EFD-40B9-89AA-B25A47C02F8C}.Release|x64.Build.0 = Release|Any CPU
		{1FDDE1C9-6EFD-40B9-89AA-B25A47C02F8C}.Release|x86.ActiveCfg = Release|Any CPU
		{1FDDE1C9-6EFD-40B9-89AA-B25A47C02F8C}.Release|x86.Build.0 = Release|Any CPU
		{B8C88BDE-B2AA-421E-9F73-21B5A01CC68D}.Debug|Any CPU.ActiveCfg = Debug|Any CPU
		{B8C88BDE-B2AA-421E-9F73-21B5A01CC68D}.Debug|Any CPU.Build.0 = Debug|Any CPU
		{B8C88BDE-B2AA-421E-9F73-21B5A01CC68D}.Debug|x64.ActiveCfg = Debug|Any CPU
		{B8C88BDE-B2AA-421E-9F73-21B5A01CC68D}.Debug|x64.Build.0 = Debug|Any CPU
		{B8C88BDE-B2AA-421E-9F73-21B5A01CC68D}.Debug|x86.ActiveCfg = Debug|Any CPU
		{B8C88BDE-B2AA-421E-9F73-21B5A01CC68D}.Debug|x86.Build.0 = Debug|Any CPU
		{B8C88BDE-B2AA-421E-9F73-21B5A01CC68D}.Release|Any CPU.ActiveCfg = Release|Any CPU
		{B8C88BDE-B2AA-421E-9F73-21B5A01CC68D}.Release|Any CPU.Build.0 = Release|Any CPU
		{B8C88BDE-B2AA-421E-9F73-21B5A01CC68D}.Release|x64.ActiveCfg = Release|Any CPU
		{B8C88BDE-B2AA-421E-9F73-21B5A01CC68D}.Release|x64.Build.0 = Release|Any CPU
		{B8C88BDE-B2AA-421E-9F73-21B5A01CC68D}.Release|x86.ActiveCfg = Release|Any CPU
		{B8C88BDE-B2AA-421E-9F73-21B5A01CC68D}.Release|x86.Build.0 = Release|Any CPU
		{F6E2B5B9-CAE5-4BA1-95F2-B9170E35919F}.Debug|Any CPU.ActiveCfg = Debug|Any CPU
		{F6E2B5B9-CAE5-4BA1-95F2-B9170E35919F}.Debug|Any CPU.Build.0 = Debug|Any CPU
		{F6E2B5B9-CAE5-4BA1-95F2-B9170E35919F}.Debug|x64.ActiveCfg = Debug|Any CPU
		{F6E2B5B9-CAE5-4BA1-95F2-B9170E35919F}.Debug|x64.Build.0 = Debug|Any CPU
		{F6E2B5B9-CAE5-4BA1-95F2-B9170E35919F}.Debug|x86.ActiveCfg = Debug|Any CPU
		{F6E2B5B9-CAE5-4BA1-95F2-B9170E35919F}.Debug|x86.Build.0 = Debug|Any CPU
		{F6E2B5B9-CAE5-4BA1-95F2-B9170E35919F}.Release|Any CPU.ActiveCfg = Release|Any CPU
		{F6E2B5B9-CAE5-4BA1-95F2-B9170E35919F}.Release|Any CPU.Build.0 = Release|Any CPU
		{F6E2B5B9-CAE5-4BA1-95F2-B9170E35919F}.Release|x64.ActiveCfg = Release|Any CPU
		{F6E2B5B9-CAE5-4BA1-95F2-B9170E35919F}.Release|x64.Build.0 = Release|Any CPU
		{F6E2B5B9-CAE5-4BA1-95F2-B9170E35919F}.Release|x86.ActiveCfg = Release|Any CPU
		{F6E2B5B9-CAE5-4BA1-95F2-B9170E35919F}.Release|x86.Build.0 = Release|Any CPU
		{EAC0472C-6977-4290-B68A-DCBCF8381E90}.Debug|Any CPU.ActiveCfg = Debug|Any CPU
		{EAC0472C-6977-4290-B68A-DCBCF8381E90}.Debug|Any CPU.Build.0 = Debug|Any CPU
		{EAC0472C-6977-4290-B68A-DCBCF8381E90}.Debug|x64.ActiveCfg = Debug|Any CPU
		{EAC0472C-6977-4290-B68A-DCBCF8381E90}.Debug|x64.Build.0 = Debug|Any CPU
		{EAC0472C-6977-4290-B68A-DCBCF8381E90}.Debug|x86.ActiveCfg = Debug|Any CPU
		{EAC0472C-6977-4290-B68A-DCBCF8381E90}.Debug|x86.Build.0 = Debug|Any CPU
		{EAC0472C-6977-4290-B68A-DCBCF8381E90}.Release|Any CPU.ActiveCfg = Release|Any CPU
		{EAC0472C-6977-4290-B68A-DCBCF8381E90}.Release|Any CPU.Build.0 = Release|Any CPU
		{EAC0472C-6977-4290-B68A-DCBCF8381E90}.Release|x64.ActiveCfg = Release|Any CPU
		{EAC0472C-6977-4290-B68A-DCBCF8381E90}.Release|x64.Build.0 = Release|Any CPU
		{EAC0472C-6977-4290-B68A-DCBCF8381E90}.Release|x86.ActiveCfg = Release|Any CPU
		{EAC0472C-6977-4290-B68A-DCBCF8381E90}.Release|x86.Build.0 = Release|Any CPU
		{F63CA8EE-2AE7-4530-A099-4B4155A8CCF8}.Debug|Any CPU.ActiveCfg = Debug|Any CPU
		{F63CA8EE-2AE7-4530-A099-4B4155A8CCF8}.Debug|Any CPU.Build.0 = Debug|Any CPU
		{F63CA8EE-2AE7-4530-A099-4B4155A8CCF8}.Debug|x64.ActiveCfg = Debug|Any CPU
		{F63CA8EE-2AE7-4530-A099-4B4155A8CCF8}.Debug|x64.Build.0 = Debug|Any CPU
		{F63CA8EE-2AE7-4530-A099-4B4155A8CCF8}.Debug|x86.ActiveCfg = Debug|Any CPU
		{F63CA8EE-2AE7-4530-A099-4B4155A8CCF8}.Debug|x86.Build.0 = Debug|Any CPU
		{F63CA8EE-2AE7-4530-A099-4B4155A8CCF8}.Release|Any CPU.ActiveCfg = Release|Any CPU
		{F63CA8EE-2AE7-4530-A099-4B4155A8CCF8}.Release|Any CPU.Build.0 = Release|Any CPU
		{F63CA8EE-2AE7-4530-A099-4B4155A8CCF8}.Release|x64.ActiveCfg = Release|Any CPU
		{F63CA8EE-2AE7-4530-A099-4B4155A8CCF8}.Release|x64.Build.0 = Release|Any CPU
		{F63CA8EE-2AE7-4530-A099-4B4155A8CCF8}.Release|x86.ActiveCfg = Release|Any CPU
		{F63CA8EE-2AE7-4530-A099-4B4155A8CCF8}.Release|x86.Build.0 = Release|Any CPU
		{0DB822DD-EF66-4600-A930-0C443A37A4D9}.Debug|Any CPU.ActiveCfg = Debug|Any CPU
		{0DB822DD-EF66-4600-A930-0C443A37A4D9}.Debug|Any CPU.Build.0 = Debug|Any CPU
		{0DB822DD-EF66-4600-A930-0C443A37A4D9}.Debug|x64.ActiveCfg = Debug|Any CPU
		{0DB822DD-EF66-4600-A930-0C443A37A4D9}.Debug|x64.Build.0 = Debug|Any CPU
		{0DB822DD-EF66-4600-A930-0C443A37A4D9}.Debug|x86.ActiveCfg = Debug|Any CPU
		{0DB822DD-EF66-4600-A930-0C443A37A4D9}.Debug|x86.Build.0 = Debug|Any CPU
		{0DB822DD-EF66-4600-A930-0C443A37A4D9}.Release|Any CPU.ActiveCfg = Release|Any CPU
		{0DB822DD-EF66-4600-A930-0C443A37A4D9}.Release|Any CPU.Build.0 = Release|Any CPU
		{0DB822DD-EF66-4600-A930-0C443A37A4D9}.Release|x64.ActiveCfg = Release|Any CPU
		{0DB822DD-EF66-4600-A930-0C443A37A4D9}.Release|x64.Build.0 = Release|Any CPU
		{0DB822DD-EF66-4600-A930-0C443A37A4D9}.Release|x86.ActiveCfg = Release|Any CPU
		{0DB822DD-EF66-4600-A930-0C443A37A4D9}.Release|x86.Build.0 = Release|Any CPU
	EndGlobalSection
	GlobalSection(SolutionProperties) = preSolution
		HideSolutionNode = FALSE
	EndGlobalSection
	GlobalSection(NestedProjects) = preSolution
		{81034408-37C8-1011-444E-4C15C2FADA8E} = {827E0CD3-B72D-47B6-A68D-7590B98EB39B}
		{8F0A03A9-5C4E-410A-B7DD-937A03F53992} = {81034408-37C8-1011-444E-4C15C2FADA8E}
		{C1F7E491-38D9-401E-9F39-CCA185AB635F} = {827E0CD3-B72D-47B6-A68D-7590B98EB39B}
		{BAEB6442-1BFA-463C-A9FB-52E3996D64D2} = {827E0CD3-B72D-47B6-A68D-7590B98EB39B}
		{E54626BE-3F51-4327-A120-7896815295FE} = {827E0CD3-B72D-47B6-A68D-7590B98EB39B}
		{30BFE3F2-329F-4C7D-BDD6-77AE0C716DFA} = {827E0CD3-B72D-47B6-A68D-7590B98EB39B}
		{3F955DE9-D7BA-4408-836F-D489C183F82D} = {827E0CD3-B72D-47B6-A68D-7590B98EB39B}
		{1FDDE1C9-6EFD-40B9-89AA-B25A47C02F8C} = {827E0CD3-B72D-47B6-A68D-7590B98EB39B}
		{B8C88BDE-B2AA-421E-9F73-21B5A01CC68D} = {0AB3BF05-4346-4AA6-1389-037BE0695223}
		{F6E2B5B9-CAE5-4BA1-95F2-B9170E35919F} = {0AB3BF05-4346-4AA6-1389-037BE0695223}
		{EAC0472C-6977-4290-B68A-DCBCF8381E90} = {0AB3BF05-4346-4AA6-1389-037BE0695223}
		{F63CA8EE-2AE7-4530-A099-4B4155A8CCF8} = {0AB3BF05-4346-4AA6-1389-037BE0695223}
		{0DB822DD-EF66-4600-A930-0C443A37A4D9} = {0AB3BF05-4346-4AA6-1389-037BE0695223}
	EndGlobalSection
EndGlobal
